
Microsoft Visual Studio Solution File, Format Version 12.00
# Visual Studio Version 17
VisualStudioVersion = 17.14.36203.30
MinimumVisualStudioVersion = 10.0.40219.1
Project("{FAE04EC0-301F-11D3-BF4B-00C04F79EFBC}") = "SIGEBI.Api", "SIGEBI.Api\SIGEBI.Api.csproj", "{1C7E5A02-645B-4AB3-8066-6193B7AB4A7F}"
EndProject
Project("{2150E333-8FDC-42A3-9474-1A3956D46DE8}") = "Api", "Api", "{02EA681E-C7D8-13C7-8484-4AC65E1B71E8}"
EndProject
Project("{2150E333-8FDC-42A3-9474-1A3956D46DE8}") = "Core", "Core", "{A5BB4F26-0C3A-4945-873D-A2702A5C641A}"
EndProject
Project("{2150E333-8FDC-42A3-9474-1A3956D46DE8}") = "Infrastructure", "Infrastructure", "{5A50C263-6517-4E08-8C83-D7906C6E306E}"
EndProject
Project("{2150E333-8FDC-42A3-9474-1A3956D46DE8}") = "IOC", "IOC", "{651DBD3D-B430-4BAA-8417-FEE002D45CF2}"
EndProject
Project("{FAE04EC0-301F-11D3-BF4B-00C04F79EFBC}") = "SIGEBI.Application", "SIGEBI.Application\SIGEBI.Application.csproj", "{D60AD31A-7708-45E6-B124-2201F15DE336}"
EndProject
Project("{FAE04EC0-301F-11D3-BF4B-00C04F79EFBC}") = "SIGEBI.Domain", "SIGEBI.Domain\SIGEBI.Domain.csproj", "{84B45E64-DDB6-4DE6-B7FE-78F5989E09B4}"
EndProject
Project("{FAE04EC0-301F-11D3-BF4B-00C04F79EFBC}") = "SIGEBI.Infrastructure", "SIGEBI.Infrastructure\SIGEBI.Infrastructure.csproj", "{7AE6C559-5B40-4673-AD31-260ACF138443}"
EndProject
Project("{FAE04EC0-301F-11D3-BF4B-00C04F79EFBC}") = "SIGEBI.Persistence", "SIGEBI.Persistence\SIGEBI.Persistence.csproj", "{AA0B0205-175A-403E-96E0-6B9FFDBBB5C9}"
EndProject
Project("{FAE04EC0-301F-11D3-BF4B-00C04F79EFBC}") = "SIGEBI.Ioc", "SIGEBI.Ioc\SIGEBI.Ioc.csproj", "{B3A54231-6212-4930-BC70-1BBF91489DF2}"
EndProject
Global
	GlobalSection(SolutionConfigurationPlatforms) = preSolution
		Debug|Any CPU = Debug|Any CPU
		Release|Any CPU = Release|Any CPU
	EndGlobalSection
	GlobalSection(ProjectConfigurationPlatforms) = postSolution
		{1C7E5A02-645B-4AB3-8066-6193B7AB4A7F}.Debug|Any CPU.ActiveCfg = Debug|Any CPU
		{1C7E5A02-645B-4AB3-8066-6193B7AB4A7F}.Debug|Any CPU.Build.0 = Debug|Any CPU
		{1C7E5A02-645B-4AB3-8066-6193B7AB4A7F}.Release|Any CPU.ActiveCfg = Release|Any CPU
		{1C7E5A02-645B-4AB3-8066-6193B7AB4A7F}.Release|Any CPU.Build.0 = Release|Any CPU
		{D60AD31A-7708-45E6-B124-2201F15DE336}.Debug|Any CPU.ActiveCfg = Debug|Any CPU
		{D60AD31A-7708-45E6-B124-2201F15DE336}.Debug|Any CPU.Build.0 = Debug|Any CPU
		{D60AD31A-7708-45E6-B124-2201F15DE336}.Release|Any CPU.ActiveCfg = Release|Any CPU
		{D60AD31A-7708-45E6-B124-2201F15DE336}.Release|Any CPU.Build.0 = Release|Any CPU
		{84B45E64-DDB6-4DE6-B7FE-78F5989E09B4}.Debug|Any CPU.ActiveCfg = Debug|Any CPU
		{84B45E64-DDB6-4DE6-B7FE-78F5989E09B4}.Debug|Any CPU.Build.0 = Debug|Any CPU
		{84B45E64-DDB6-4DE6-B7FE-78F5989E09B4}.Release|Any CPU.ActiveCfg = Release|Any CPU
		{84B45E64-DDB6-4DE6-B7FE-78F5989E09B4}.Release|Any CPU.Build.0 = Release|Any CPU
		{7AE6C559-5B40-4673-AD31-260ACF138443}.Debug|Any CPU.ActiveCfg = Debug|Any CPU
		{7AE6C559-5B40-4673-AD31-260ACF138443}.Debug|Any CPU.Build.0 = Debug|Any CPU
		{7AE6C559-5B40-4673-AD31-260ACF138443}.Release|Any CPU.ActiveCfg = Release|Any CPU
		{7AE6C559-5B40-4673-AD31-260ACF138443}.Release|Any CPU.Build.0 = Release|Any CPU
		{AA0B0205-175A-403E-96E0-6B9FFDBBB5C9}.Debug|Any CPU.ActiveCfg = Debug|Any CPU
		{AA0B0205-175A-403E-96E0-6B9FFDBBB5C9}.Debug|Any CPU.Build.0 = Debug|Any CPU
		{AA0B0205-175A-403E-96E0-6B9FFDBBB5C9}.Release|Any CPU.ActiveCfg = Release|Any CPU
		{AA0B0205-175A-403E-96E0-6B9FFDBBB5C9}.Release|Any CPU.Build.0 = Release|Any CPU
		{B3A54231-6212-4930-BC70-1BBF91489DF2}.Debug|Any CPU.ActiveCfg = Debug|Any CPU
		{B3A54231-6212-4930-BC70-1BBF91489DF2}.Debug|Any CPU.Build.0 = Debug|Any CPU
		{B3A54231-6212-4930-BC70-1BBF91489DF2}.Release|Any CPU.ActiveCfg = Release|Any CPU
		{B3A54231-6212-4930-BC70-1BBF91489DF2}.Release|Any CPU.Build.0 = Release|Any CPU
	EndGlobalSection
	GlobalSection(SolutionProperties) = preSolution
		HideSolutionNode = FALSE
	EndGlobalSection
	GlobalSection(NestedProjects) = preSolution
		{1C7E5A02-645B-4AB3-8066-6193B7AB4A7F} = {02EA681E-C7D8-13C7-8484-4AC65E1B71E8}
		{D60AD31A-7708-45E6-B124-2201F15DE336} = {A5BB4F26-0C3A-4945-873D-A2702A5C641A}
		{84B45E64-DDB6-4DE6-B7FE-78F5989E09B4} = {A5BB4F26-0C3A-4945-873D-A2702A5C641A}
		{7AE6C559-5B40-4673-AD31-260ACF138443} = {5A50C263-6517-4E08-8C83-D7906C6E306E}
		{AA0B0205-175A-403E-96E0-6B9FFDBBB5C9} = {5A50C263-6517-4E08-8C83-D7906C6E306E}
		{B3A54231-6212-4930-BC70-1BBF91489DF2} = {651DBD3D-B430-4BAA-8417-FEE002D45CF2}
	EndGlobalSection
	GlobalSection(ExtensibilityGlobals) = postSolution
		SolutionGuid = {AD7D7DEF-EE45-43E9-AA07-18241D75EDDF}
	EndGlobalSection
EndGlobal
